
Microsoft Visual Studio Solution File, Format Version 12.00
# Visual Studio Version 17
VisualStudioVersion = 17.8.34322.80
MinimumVisualStudioVersion = 10.0.40219.1
Project("{FAE04EC0-301F-11D3-BF4B-00C04F79EFBC}") = "Day7", "Day7\Day7.csproj", "{358F5F85-8D51-4BD8-AD97-9D1EBE226005}"
EndProject
Global
	GlobalSection(SolutionConfigurationPlatforms) = preSolution
		Debug|Any CPU = Debug|Any CPU
		Release|Any CPU = Release|Any CPU
	EndGlobalSection
	GlobalSection(ProjectConfigurationPlatforms) = postSolution
		{358F5F85-8D51-4BD8-AD97-9D1EBE226005}.Debug|Any CPU.ActiveCfg = Debug|Any CPU
		{358F5F85-8D51-4BD8-AD97-9D1EBE226005}.Debug|Any CPU.Build.0 = Debug|Any CPU
		{358F5F85-8D51-4BD8-AD97-9D1EBE226005}.Release|Any CPU.ActiveCfg = Release|Any CPU
		{358F5F85-8D51-4BD8-AD97-9D1EBE226005}.Release|Any CPU.Build.0 = Release|Any CPU
	EndGlobalSection
	GlobalSection(SolutionProperties) = preSolution
		HideSolutionNode = FALSE
	EndGlobalSection
	GlobalSection(ExtensibilityGlobals) = postSolution
		SolutionGuid = {CC1C85AD-A627-4A8A-B2EE-ED4926AF5657}
	EndGlobalSection
EndGlobal
